
Microsoft Visual Studio Solution File, Format Version 12.00
# Visual Studio Version 17
VisualStudioVersion = 17.8.34330.188
MinimumVisualStudioVersion = 10.0.40219.1
Project("{9A19103F-16F7-4668-BE54-9A1E7A4F7556}") = "ApiDemo", "ApiDemo\ApiDemo.csproj", "{87449CF5-5552-43EF-A85C-949BCF4CBAA2}"
EndProject
Project("{FAE04EC0-301F-11D3-BF4B-00C04F79EFBC}") = "MinimalApiDemo", "MinimalApiDemo\MinimalApiDemo.csproj", "{4A7F1605-8D2D-44ED-AE61-9F197520CD18}"
EndProject
Global
	GlobalSection(SolutionConfigurationPlatforms) = preSolution
		Debug|Any CPU = Debug|Any CPU
		Release|Any CPU = Release|Any CPU
	EndGlobalSection
	GlobalSection(ProjectConfigurationPlatforms) = postSolution
		{87449CF5-5552-43EF-A85C-949BCF4CBAA2}.Debug|Any CPU.ActiveCfg = Debug|Any CPU
		{87449CF5-5552-43EF-A85C-949BCF4CBAA2}.Debug|Any CPU.Build.0 = Debug|Any CPU
		{87449CF5-5552-43EF-A85C-949BCF4CBAA2}.Release|Any CPU.ActiveCfg = Release|Any CPU
		{87449CF5-5552-43EF-A85C-949BCF4CBAA2}.Release|Any CPU.Build.0 = Release|Any CPU
		{4A7F1605-8D2D-44ED-AE61-9F197520CD18}.Debug|Any CPU.ActiveCfg = Debug|Any CPU
		{4A7F1605-8D2D-44ED-AE61-9F197520CD18}.Debug|Any CPU.Build.0 = Debug|Any CPU
		{4A7F1605-8D2D-44ED-AE61-9F197520CD18}.Release|Any CPU.ActiveCfg = Release|Any CPU
		{4A7F1605-8D2D-44ED-AE61-9F197520CD18}.Release|Any CPU.Build.0 = Release|Any CPU
	EndGlobalSection
	GlobalSection(SolutionProperties) = preSolution
		HideSolutionNode = FALSE
	EndGlobalSection
	GlobalSection(ExtensibilityGlobals) = postSolution
		SolutionGuid = {8EA8CA9A-5779-446C-849E-DA898E55B5EC}
	EndGlobalSection
EndGlobal
