
Microsoft Visual Studio Solution File, Format Version 12.00
# Visual Studio Version 17
VisualStudioVersion = 17.8.34330.188
MinimumVisualStudioVersion = 10.0.40219.1
Project("{FAE04EC0-301F-11D3-BF4B-00C04F79EFBC}") = "MyApi", "MyApi\MyApi.csproj", "{7EBF1D8C-DB20-4282-B360-8FDB36E0D38C}"
EndProject
Global
	GlobalSection(SolutionConfigurationPlatforms) = preSolution
		Debug|Any CPU = Debug|Any CPU
		Release|Any CPU = Release|Any CPU
	EndGlobalSection
	GlobalSection(ProjectConfigurationPlatforms) = postSolution
		{7EBF1D8C-DB20-4282-B360-8FDB36E0D38C}.Debug|Any CPU.ActiveCfg = Debug|Any CPU
		{7EBF1D8C-DB20-4282-B360-8FDB36E0D38C}.Debug|Any CPU.Build.0 = Debug|Any CPU
		{7EBF1D8C-DB20-4282-B360-8FDB36E0D38C}.Release|Any CPU.ActiveCfg = Release|Any CPU
		{7EBF1D8C-DB20-4282-B360-8FDB36E0D38C}.Release|Any CPU.Build.0 = Release|Any CPU
	EndGlobalSection
	GlobalSection(SolutionProperties) = preSolution
		HideSolutionNode = FALSE
	EndGlobalSection
	GlobalSection(ExtensibilityGlobals) = postSolution
		SolutionGuid = {AAB7BEAF-C0E5-4D20-9599-722B51D04EE7}
	EndGlobalSection
EndGlobal
