
Microsoft Visual Studio Solution File, Format Version 12.00
# Visual Studio Version 17
VisualStudioVersion = 17.8.34330.188
MinimumVisualStudioVersion = 10.0.40219.1
Project("{FAE04EC0-301F-11D3-BF4B-00C04F79EFBC}") = "DevCard_MVC", "DevCard_MVC\DevCard_MVC.csproj", "{F6C4BB26-20F1-4DD5-9F78-5C0F8731B735}"
EndProject
Global
	GlobalSection(SolutionConfigurationPlatforms) = preSolution
		Debug|Any CPU = Debug|Any CPU
		Release|Any CPU = Release|Any CPU
	EndGlobalSection
	GlobalSection(ProjectConfigurationPlatforms) = postSolution
		{F6C4BB26-20F1-4DD5-9F78-5C0F8731B735}.Debug|Any CPU.ActiveCfg = Debug|Any CPU
		{F6C4BB26-20F1-4DD5-9F78-5C0F8731B735}.Debug|Any CPU.Build.0 = Debug|Any CPU
		{F6C4BB26-20F1-4DD5-9F78-5C0F8731B735}.Release|Any CPU.ActiveCfg = Release|Any CPU
		{F6C4BB26-20F1-4DD5-9F78-5C0F8731B735}.Release|Any CPU.Build.0 = Release|Any CPU
	EndGlobalSection
	GlobalSection(SolutionProperties) = preSolution
		HideSolutionNode = FALSE
	EndGlobalSection
	GlobalSection(ExtensibilityGlobals) = postSolution
		SolutionGuid = {D618D629-32C5-495C-8A36-679B21CEDACB}
	EndGlobalSection
EndGlobal
