
Microsoft Visual Studio Solution File, Format Version 12.00
# Visual Studio Version 17
VisualStudioVersion = 17.8.34330.188
MinimumVisualStudioVersion = 10.0.40219.1
Project("{FAE04EC0-301F-11D3-BF4B-00C04F79EFBC}") = "VersionedApi", "VersionedApi\VersionedApi.csproj", "{6618DA9A-09EF-4056-8EAA-7B3DE2EBEB13}"
EndProject
Global
	GlobalSection(SolutionConfigurationPlatforms) = preSolution
		Debug|Any CPU = Debug|Any CPU
		Release|Any CPU = Release|Any CPU
	EndGlobalSection
	GlobalSection(ProjectConfigurationPlatforms) = postSolution
		{6618DA9A-09EF-4056-8EAA-7B3DE2EBEB13}.Debug|Any CPU.ActiveCfg = Debug|Any CPU
		{6618DA9A-09EF-4056-8EAA-7B3DE2EBEB13}.Debug|Any CPU.Build.0 = Debug|Any CPU
		{6618DA9A-09EF-4056-8EAA-7B3DE2EBEB13}.Release|Any CPU.ActiveCfg = Release|Any CPU
		{6618DA9A-09EF-4056-8EAA-7B3DE2EBEB13}.Release|Any CPU.Build.0 = Release|Any CPU
	EndGlobalSection
	GlobalSection(SolutionProperties) = preSolution
		HideSolutionNode = FALSE
	EndGlobalSection
	GlobalSection(ExtensibilityGlobals) = postSolution
		SolutionGuid = {FEDD06C9-FB45-46F8-9605-BCD90EF067BF}
	EndGlobalSection
EndGlobal
