
Microsoft Visual Studio Solution File, Format Version 12.00
# Visual Studio Version 17
VisualStudioVersion = 17.8.34330.188
MinimumVisualStudioVersion = 10.0.40219.1
Project("{FAE04EC0-301F-11D3-BF4B-00C04F79EFBC}") = "EFCoreProj", "EFCoreProj\EFCoreProj.csproj", "{3D8C1E7D-AD13-450E-B415-592AE202B308}"
EndProject
Global
	GlobalSection(SolutionConfigurationPlatforms) = preSolution
		Debug|Any CPU = Debug|Any CPU
		Release|Any CPU = Release|Any CPU
	EndGlobalSection
	GlobalSection(ProjectConfigurationPlatforms) = postSolution
		{3D8C1E7D-AD13-450E-B415-592AE202B308}.Debug|Any CPU.ActiveCfg = Debug|Any CPU
		{3D8C1E7D-AD13-450E-B415-592AE202B308}.Debug|Any CPU.Build.0 = Debug|Any CPU
		{3D8C1E7D-AD13-450E-B415-592AE202B308}.Release|Any CPU.ActiveCfg = Release|Any CPU
		{3D8C1E7D-AD13-450E-B415-592AE202B308}.Release|Any CPU.Build.0 = Release|Any CPU
	EndGlobalSection
	GlobalSection(SolutionProperties) = preSolution
		HideSolutionNode = FALSE
	EndGlobalSection
	GlobalSection(ExtensibilityGlobals) = postSolution
		SolutionGuid = {D5955122-C1AC-4716-A6E0-3C38467F14D2}
	EndGlobalSection
EndGlobal
